
Microsoft Visual Studio Solution File, Format Version 12.00
# Visual Studio 2013
VisualStudioVersion = 12.0.21005.1
MinimumVisualStudioVersion = 10.0.40219.1
Project("{FAE04EC0-301F-11D3-BF4B-00C04F79EFBC}") = "Corrupter", "WpfApplication1\Corrupter.csproj", "{468FA265-AC35-44ED-92B3-FF7A887CA39D}"
EndProject
Project("{FAE04EC0-301F-11D3-BF4B-00C04F79EFBC}") = "Updater", "Updater\Updater.csproj", "{75E8C9C4-49A1-470F-B5C7-B7442F040E5E}"
EndProject
Project("{FAE04EC0-301F-11D3-BF4B-00C04F79EFBC}") = "MD5", "MD5\MD5.csproj", "{30EFAFC8-D29F-46F9-AEFC-08E4BEDE4E8A}"
EndProject
Global
	GlobalSection(SolutionConfigurationPlatforms) = preSolution
		Debug|Any CPU = Debug|Any CPU
		Release|Any CPU = Release|Any CPU
	EndGlobalSection
	GlobalSection(ProjectConfigurationPlatforms) = postSolution
		{468FA265-AC35-44ED-92B3-FF7A887CA39D}.Debug|Any CPU.ActiveCfg = Debug|Any CPU
		{468FA265-AC35-44ED-92B3-FF7A887CA39D}.Debug|Any CPU.Build.0 = Debug|Any CPU
		{468FA265-AC35-44ED-92B3-FF7A887CA39D}.Release|Any CPU.ActiveCfg = Release|Any CPU
		{468FA265-AC35-44ED-92B3-FF7A887CA39D}.Release|Any CPU.Build.0 = Release|Any CPU
		{75E8C9C4-49A1-470F-B5C7-B7442F040E5E}.Debug|Any CPU.ActiveCfg = Debug|Any CPU
		{75E8C9C4-49A1-470F-B5C7-B7442F040E5E}.Debug|Any CPU.Build.0 = Debug|Any CPU
		{75E8C9C4-49A1-470F-B5C7-B7442F040E5E}.Release|Any CPU.ActiveCfg = Release|Any CPU
		{75E8C9C4-49A1-470F-B5C7-B7442F040E5E}.Release|Any CPU.Build.0 = Release|Any CPU
		{30EFAFC8-D29F-46F9-AEFC-08E4BEDE4E8A}.Debug|Any CPU.ActiveCfg = Debug|Any CPU
		{30EFAFC8-D29F-46F9-AEFC-08E4BEDE4E8A}.Debug|Any CPU.Build.0 = Debug|Any CPU
		{30EFAFC8-D29F-46F9-AEFC-08E4BEDE4E8A}.Release|Any CPU.ActiveCfg = Release|Any CPU
		{30EFAFC8-D29F-46F9-AEFC-08E4BEDE4E8A}.Release|Any CPU.Build.0 = Release|Any CPU
	EndGlobalSection
	GlobalSection(SolutionProperties) = preSolution
		HideSolutionNode = FALSE
	EndGlobalSection
EndGlobal
